// !$*UTF8*$!
{
	archiveVersion = 1;
	classes = {
	};
	objectVersion = 50;
	objects = {

/* Begin PBXBuildFile section */
		38ABB3AD246C01E900A7FF37 /* deeplabv3_257_mv_gpu.tflite in Resources */ = {isa = PBXBuildFile; fileRef = 38ABB3AB246C01E900A7FF37 /* deeplabv3_257_mv_gpu.tflite */; };
		38ABB3AE246C01E900A7FF37 /* deeplabv3_labels.json in Resources */ = {isa = PBXBuildFile; fileRef = 38ABB3AC246C01E900A7FF37 /* deeplabv3_labels.json */; };
		38ABB3B2246C040200A7FF37 /* model.tflite in Resources */ = {isa = PBXBuildFile; fileRef = 38ABB3B0246C040200A7FF37 /* model.tflite */; };
		38ABB3B3246C040200A7FF37 /* labels.txt in Resources */ = {isa = PBXBuildFile; fileRef = 38ABB3B1246C040200A7FF37 /* labels.txt */; };
		38ABB3B8246C05B900A7FF37 /* model1.tflite in Resources */ = {isa = PBXBuildFile; fileRef = 38ABB38C246C014700A7FF37 /* model1.tflite */; };
		38ABB3BB246C05C400A7FF37 /* cpm_model.mlmodel in Sources */ = {isa = PBXBuildFile; fileRef = 38ABB386246C014700A7FF37 /* cpm_model.mlmodel */; };
		38ABB3C1246C05E600A7FF37 /* CVInterface.swift in Sources */ = {isa = PBXBuildFile; fileRef = 38ABB379246BFC2700A7FF37 /* CVInterface.swift */; };
		38ABB3C2246C06FC00A7FF37 /* read_pbfiles.py in Resources */ = {isa = PBXBuildFile; fileRef = 38ABB398246C019B00A7FF37 /* read_pbfiles.py */; };
		38ABB3C3246C070000A7FF37 /* README.md in Resources */ = {isa = PBXBuildFile; fileRef = 38ABB39A246C019B00A7FF37 /* README.md */; };
		38ABB3C9246C077700A7FF37 /* ModelDataHandler.swift in Sources */ = {isa = PBXBuildFile; fileRef = 38ABB37E246BFD0400A7FF37 /* ModelDataHandler.swift */; };
		38ABB3CA246C07AE00A7FF37 /* stacked_hourglass.mlmodel in Sources */ = {isa = PBXBuildFile; fileRef = 38ABB39D246C019B00A7FF37 /* stacked_hourglass.mlmodel */; };
		38ABB3CB246C07C600A7FF37 /* model2.tflite in Resources */ = {isa = PBXBuildFile; fileRef = 38ABB39F246C019B00A7FF37 /* model2.tflite */; };
		38ABB3CC246C07CF00A7FF37 /* model.pb in Resources */ = {isa = PBXBuildFile; fileRef = 38ABB39B246C019B00A7FF37 /* model.pb */; };
		38ABB3CD246C07D800A7FF37 /* model1.pb in Resources */ = {isa = PBXBuildFile; fileRef = 38ABB389246C014700A7FF37 /* model1.pb */; };
		38ABB3CE246C093700A7FF37 /* GestureRecognition.swift in Sources */ = {isa = PBXBuildFile; fileRef = 38ABB3B4246C04D200A7FF37 /* GestureRecognition.swift */; };
		38ABB3D8246C0A4A00A7FF37 /* PredictedPoint.swift in Sources */ = {isa = PBXBuildFile; fileRef = 38ABB3D1246C0A4A00A7FF37 /* PredictedPoint.swift */; };
		38ABB3D9246C0A4A00A7FF37 /* MovingAverageFilter.swift in Sources */ = {isa = PBXBuildFile; fileRef = 38ABB3D2246C0A4A00A7FF37 /* MovingAverageFilter.swift */; };
		38ABB3DA246C0A4A00A7FF37 /* HeatmapPostProcessor.swift in Sources */ = {isa = PBXBuildFile; fileRef = 38ABB3D3246C0A4A00A7FF37 /* HeatmapPostProcessor.swift */; };
		38ABB3DE246C0A4A00A7FF37 /* PoseEstimation.swift in Sources */ = {isa = PBXBuildFile; fileRef = 38ABB3D7246C0A4A00A7FF37 /* PoseEstimation.swift */; };
		38ABB3E1246C0FD100A7FF37 /* FaceAndFacialFeaturesDetection.swift in Sources */ = {isa = PBXBuildFile; fileRef = 38ABB3E0246C0FD100A7FF37 /* FaceAndFacialFeaturesDetection.swift */; };
		38ABB3E7246C10DA00A7FF37 /* UIKitExtension.swift in Sources */ = {isa = PBXBuildFile; fileRef = 38ABB3E3246C10D900A7FF37 /* UIKitExtension.swift */; };
		38ABB3E8246C10DA00A7FF37 /* TFLiteExtension.swift in Sources */ = {isa = PBXBuildFile; fileRef = 38ABB3E4246C10D900A7FF37 /* TFLiteExtension.swift */; };
		38ABB3E9246C10DA00A7FF37 /* ImageSegmentator.swift in Sources */ = {isa = PBXBuildFile; fileRef = 38ABB3E5246C10DA00A7FF37 /* ImageSegmentator.swift */; };
		38ABB3EA246C10DA00A7FF37 /* SemanticSegmentation.swift in Sources */ = {isa = PBXBuildFile; fileRef = 38ABB3E6246C10DA00A7FF37 /* SemanticSegmentation.swift */; };
		B1D39AAB62BC93DC259F1141 /* Pods_Mochi_Games.framework in Frameworks */ = {isa = PBXBuildFile; fileRef = 25B254572D6C5BFDA602E19B /* Pods_Mochi_Games.framework */; };
		EE0C8E9424576DE0009FB07C /* AppDelegate.swift in Sources */ = {isa = PBXBuildFile; fileRef = EE0C8E9324576DE0009FB07C /* AppDelegate.swift */; };
		EE0C8E9824576DE0009FB07C /* GameViewController.swift in Sources */ = {isa = PBXBuildFile; fileRef = EE0C8E9724576DE0009FB07C /* GameViewController.swift */; };
		EE0C8E9B24576DE0009FB07C /* Main.storyboard in Resources */ = {isa = PBXBuildFile; fileRef = EE0C8E9924576DE0009FB07C /* Main.storyboard */; };
		EE0C8E9D24576DE3009FB07C /* Assets.xcassets in Resources */ = {isa = PBXBuildFile; fileRef = EE0C8E9C24576DE3009FB07C /* Assets.xcassets */; };
		EE0C8EA024576DE3009FB07C /* LaunchScreen.storyboard in Resources */ = {isa = PBXBuildFile; fileRef = EE0C8E9E24576DE3009FB07C /* LaunchScreen.storyboard */; };
		EE0C8EA824576F2A009FB07C /* GlobalVars.swift in Sources */ = {isa = PBXBuildFile; fileRef = EE0C8EA724576F2A009FB07C /* GlobalVars.swift */; };
		EE0C8EAC24577075009FB07C /* Camera.swift in Sources */ = {isa = PBXBuildFile; fileRef = EE0C8EAB24577075009FB07C /* Camera.swift */; };
		EE0C8EAE2457749F009FB07C /* MTLCameraView.swift in Sources */ = {isa = PBXBuildFile; fileRef = EE0C8EAD2457749F009FB07C /* MTLCameraView.swift */; };
		EE0C8EB024577809009FB07C /* Grimes_v3.mp4 in Resources */ = {isa = PBXBuildFile; fileRef = EE0C8EAF24577809009FB07C /* Grimes_v3.mp4 */; };
		EE0C8EB324577824009FB07C /* FilterRenderer.swift in Sources */ = {isa = PBXBuildFile; fileRef = EE0C8EB124577824009FB07C /* FilterRenderer.swift */; };
		EE0C8EB424577824009FB07C /* RosyMetalRenderer.swift in Sources */ = {isa = PBXBuildFile; fileRef = EE0C8EB224577824009FB07C /* RosyMetalRenderer.swift */; };
		EE0C8EBA2457795E009FB07C /* Mixer.metal in Sources */ = {isa = PBXBuildFile; fileRef = EE0C8EB62457795E009FB07C /* Mixer.metal */; };
		EE0C8EBB2457795E009FB07C /* PassThrough.metal in Sources */ = {isa = PBXBuildFile; fileRef = EE0C8EB72457795E009FB07C /* PassThrough.metal */; };
		EE0C8EBD2457795E009FB07C /* RosyEffect.metal in Sources */ = {isa = PBXBuildFile; fileRef = EE0C8EB92457795E009FB07C /* RosyEffect.metal */; };
		EE0C8EC124577B40009FB07C /* gameScene.swift in Sources */ = {isa = PBXBuildFile; fileRef = EE0C8EC024577B40009FB07C /* gameScene.swift */; };
		EE7FA993246D8456003280B4 /* BodyTrackingData.swift in Sources */ = {isa = PBXBuildFile; fileRef = EE7FA992246D8456003280B4 /* BodyTrackingData.swift */; };
		EEC717F8247D6532001C30B5 /* FaceDetectionData.swift in Sources */ = {isa = PBXBuildFile; fileRef = EEC717F7247D6532001C30B5 /* FaceDetectionData.swift */; };
		EEC717FA247EBF9E001C30B5 /* MochiGameInterface.swift in Sources */ = {isa = PBXBuildFile; fileRef = EEC717F9247EBF9E001C30B5 /* MochiGameInterface.swift */; };
		EEC717FC247EBFDD001C30B5 /* ViewController.swift in Sources */ = {isa = PBXBuildFile; fileRef = EEC717FB247EBFDD001C30B5 /* ViewController.swift */; };
		EEC717FE247EE5F3001C30B5 /* FaceTracking.sks in Resources */ = {isa = PBXBuildFile; fileRef = EEC717FD247EE5F3001C30B5 /* FaceTracking.sks */; };
		EEC71800247EEC30001C30B5 /* BodyTracking.sks in Resources */ = {isa = PBXBuildFile; fileRef = EEC717FF247EEC30001C30B5 /* BodyTracking.sks */; };
		EEF26A03245F36A400BBD98F /* DanceScene.sks in Resources */ = {isa = PBXBuildFile; fileRef = EEF26A02245F36A400BBD98F /* DanceScene.sks */; };
		EEF26A05245F388300BBD98F /* particle.sks in Resources */ = {isa = PBXBuildFile; fileRef = EEF26A04245F388300BBD98F /* particle.sks */; };
		EEF26A07245F427F00BBD98F /* BLparticle.sks in Resources */ = {isa = PBXBuildFile; fileRef = EEF26A06245F427F00BBD98F /* BLparticle.sks */; };
		EEF26A09245F42C800BBD98F /* BRparticles.sks in Resources */ = {isa = PBXBuildFile; fileRef = EEF26A08245F42C800BBD98F /* BRparticles.sks */; };
/* End PBXBuildFile section */

/* Begin PBXFileReference section */
		25B254572D6C5BFDA602E19B /* Pods_Mochi_Games.framework */ = {isa = PBXFileReference; explicitFileType = wrapper.framework; includeInIndex = 0; path = Pods_Mochi_Games.framework; sourceTree = BUILT_PRODUCTS_DIR; };
		38ABB379246BFC2700A7FF37 /* CVInterface.swift */ = {isa = PBXFileReference; fileEncoding = 4; lastKnownFileType = sourcecode.swift; path = CVInterface.swift; sourceTree = "<group>"; };
		38ABB37E246BFD0400A7FF37 /* ModelDataHandler.swift */ = {isa = PBXFileReference; fileEncoding = 4; lastKnownFileType = sourcecode.swift; path = ModelDataHandler.swift; sourceTree = "<group>"; };
		38ABB386246C014700A7FF37 /* cpm_model.mlmodel */ = {isa = PBXFileReference; lastKnownFileType = file.mlmodel; path = cpm_model.mlmodel; sourceTree = "<group>"; };
		38ABB389246C014700A7FF37 /* model1.pb */ = {isa = PBXFileReference; lastKnownFileType = file; path = model1.pb; sourceTree = "<group>"; };
		38ABB38C246C014700A7FF37 /* model1.tflite */ = {isa = PBXFileReference; lastKnownFileType = file; path = model1.tflite; sourceTree = "<group>"; };
		38ABB398246C019B00A7FF37 /* read_pbfiles.py */ = {isa = PBXFileReference; fileEncoding = 4; lastKnownFileType = text.script.python; path = read_pbfiles.py; sourceTree = "<group>"; };
		38ABB39A246C019B00A7FF37 /* README.md */ = {isa = PBXFileReference; fileEncoding = 4; lastKnownFileType = net.daringfireball.markdown; path = README.md; sourceTree = "<group>"; };
		38ABB39B246C019B00A7FF37 /* model.pb */ = {isa = PBXFileReference; lastKnownFileType = file; path = model.pb; sourceTree = "<group>"; };
		38ABB39D246C019B00A7FF37 /* stacked_hourglass.mlmodel */ = {isa = PBXFileReference; lastKnownFileType = file.mlmodel; path = stacked_hourglass.mlmodel; sourceTree = "<group>"; };
		38ABB39F246C019B00A7FF37 /* model2.tflite */ = {isa = PBXFileReference; lastKnownFileType = file; path = model2.tflite; sourceTree = "<group>"; };
		38ABB3AB246C01E900A7FF37 /* deeplabv3_257_mv_gpu.tflite */ = {isa = PBXFileReference; lastKnownFileType = file; path = deeplabv3_257_mv_gpu.tflite; sourceTree = "<group>"; };
		38ABB3AC246C01E900A7FF37 /* deeplabv3_labels.json */ = {isa = PBXFileReference; fileEncoding = 4; lastKnownFileType = text.json; path = deeplabv3_labels.json; sourceTree = "<group>"; };
		38ABB3B0246C040200A7FF37 /* model.tflite */ = {isa = PBXFileReference; lastKnownFileType = file; path = model.tflite; sourceTree = "<group>"; };
		38ABB3B1246C040200A7FF37 /* labels.txt */ = {isa = PBXFileReference; fileEncoding = 4; lastKnownFileType = text; path = labels.txt; sourceTree = "<group>"; };
		38ABB3B4246C04D200A7FF37 /* GestureRecognition.swift */ = {isa = PBXFileReference; fileEncoding = 4; lastKnownFileType = sourcecode.swift; path = GestureRecognition.swift; sourceTree = "<group>"; };
		38ABB3D1246C0A4A00A7FF37 /* PredictedPoint.swift */ = {isa = PBXFileReference; fileEncoding = 4; lastKnownFileType = sourcecode.swift; path = PredictedPoint.swift; sourceTree = "<group>"; };
		38ABB3D2246C0A4A00A7FF37 /* MovingAverageFilter.swift */ = {isa = PBXFileReference; fileEncoding = 4; lastKnownFileType = sourcecode.swift; path = MovingAverageFilter.swift; sourceTree = "<group>"; };
		38ABB3D3246C0A4A00A7FF37 /* HeatmapPostProcessor.swift */ = {isa = PBXFileReference; fileEncoding = 4; lastKnownFileType = sourcecode.swift; path = HeatmapPostProcessor.swift; sourceTree = "<group>"; };
		38ABB3D7246C0A4A00A7FF37 /* PoseEstimation.swift */ = {isa = PBXFileReference; fileEncoding = 4; lastKnownFileType = sourcecode.swift; path = PoseEstimation.swift; sourceTree = "<group>"; };
		38ABB3E0246C0FD100A7FF37 /* FaceAndFacialFeaturesDetection.swift */ = {isa = PBXFileReference; fileEncoding = 4; lastKnownFileType = sourcecode.swift; path = FaceAndFacialFeaturesDetection.swift; sourceTree = "<group>"; };
		38ABB3E3246C10D900A7FF37 /* UIKitExtension.swift */ = {isa = PBXFileReference; fileEncoding = 4; lastKnownFileType = sourcecode.swift; path = UIKitExtension.swift; sourceTree = "<group>"; };
		38ABB3E4246C10D900A7FF37 /* TFLiteExtension.swift */ = {isa = PBXFileReference; fileEncoding = 4; lastKnownFileType = sourcecode.swift; path = TFLiteExtension.swift; sourceTree = "<group>"; };
		38ABB3E5246C10DA00A7FF37 /* ImageSegmentator.swift */ = {isa = PBXFileReference; fileEncoding = 4; lastKnownFileType = sourcecode.swift; path = ImageSegmentator.swift; sourceTree = "<group>"; };
		38ABB3E6246C10DA00A7FF37 /* SemanticSegmentation.swift */ = {isa = PBXFileReference; fileEncoding = 4; lastKnownFileType = sourcecode.swift; path = SemanticSegmentation.swift; sourceTree = "<group>"; };
		47A36E990A4E66B29FE04698 /* Pods-Mochi Games.release.xcconfig */ = {isa = PBXFileReference; includeInIndex = 1; lastKnownFileType = text.xcconfig; name = "Pods-Mochi Games.release.xcconfig"; path = "Target Support Files/Pods-Mochi Games/Pods-Mochi Games.release.xcconfig"; sourceTree = "<group>"; };
		7570C4B3F1DE9807CFC5E667 /* Pods-Mochi Games.debug.xcconfig */ = {isa = PBXFileReference; includeInIndex = 1; lastKnownFileType = text.xcconfig; name = "Pods-Mochi Games.debug.xcconfig"; path = "Target Support Files/Pods-Mochi Games/Pods-Mochi Games.debug.xcconfig"; sourceTree = "<group>"; };
		EE0C8E9024576DE0009FB07C /* Mochi Games.app */ = {isa = PBXFileReference; explicitFileType = wrapper.application; includeInIndex = 0; path = "Mochi Games.app"; sourceTree = BUILT_PRODUCTS_DIR; };
		EE0C8E9324576DE0009FB07C /* AppDelegate.swift */ = {isa = PBXFileReference; lastKnownFileType = sourcecode.swift; path = AppDelegate.swift; sourceTree = "<group>"; };
		EE0C8E9724576DE0009FB07C /* GameViewController.swift */ = {isa = PBXFileReference; lastKnownFileType = sourcecode.swift; path = GameViewController.swift; sourceTree = "<group>"; };
		EE0C8E9A24576DE0009FB07C /* Base */ = {isa = PBXFileReference; lastKnownFileType = file.storyboard; name = Base; path = Base.lproj/Main.storyboard; sourceTree = "<group>"; };
		EE0C8E9C24576DE3009FB07C /* Assets.xcassets */ = {isa = PBXFileReference; lastKnownFileType = folder.assetcatalog; path = Assets.xcassets; sourceTree = "<group>"; };
		EE0C8E9F24576DE3009FB07C /* Base */ = {isa = PBXFileReference; lastKnownFileType = file.storyboard; name = Base; path = Base.lproj/LaunchScreen.storyboard; sourceTree = "<group>"; };
		EE0C8EA124576DE3009FB07C /* Info.plist */ = {isa = PBXFileReference; lastKnownFileType = text.plist.xml; path = Info.plist; sourceTree = "<group>"; };
		EE0C8EA724576F2A009FB07C /* GlobalVars.swift */ = {isa = PBXFileReference; lastKnownFileType = sourcecode.swift; path = GlobalVars.swift; sourceTree = "<group>"; };
		EE0C8EAB24577075009FB07C /* Camera.swift */ = {isa = PBXFileReference; lastKnownFileType = sourcecode.swift; path = Camera.swift; sourceTree = "<group>"; };
		EE0C8EAD2457749F009FB07C /* MTLCameraView.swift */ = {isa = PBXFileReference; lastKnownFileType = sourcecode.swift; path = MTLCameraView.swift; sourceTree = "<group>"; };
		EE0C8EAF24577809009FB07C /* Grimes_v3.mp4 */ = {isa = PBXFileReference; lastKnownFileType = file; path = Grimes_v3.mp4; sourceTree = "<group>"; };
		EE0C8EB124577824009FB07C /* FilterRenderer.swift */ = {isa = PBXFileReference; fileEncoding = 4; lastKnownFileType = sourcecode.swift; path = FilterRenderer.swift; sourceTree = "<group>"; };
		EE0C8EB224577824009FB07C /* RosyMetalRenderer.swift */ = {isa = PBXFileReference; fileEncoding = 4; lastKnownFileType = sourcecode.swift; path = RosyMetalRenderer.swift; sourceTree = "<group>"; };
		EE0C8EB62457795E009FB07C /* Mixer.metal */ = {isa = PBXFileReference; fileEncoding = 4; lastKnownFileType = sourcecode.metal; path = Mixer.metal; sourceTree = "<group>"; };
		EE0C8EB72457795E009FB07C /* PassThrough.metal */ = {isa = PBXFileReference; fileEncoding = 4; lastKnownFileType = sourcecode.metal; path = PassThrough.metal; sourceTree = "<group>"; };
		EE0C8EB92457795E009FB07C /* RosyEffect.metal */ = {isa = PBXFileReference; fileEncoding = 4; lastKnownFileType = sourcecode.metal; path = RosyEffect.metal; sourceTree = "<group>"; };
		EE0C8EC024577B40009FB07C /* gameScene.swift */ = {isa = PBXFileReference; lastKnownFileType = sourcecode.swift; path = gameScene.swift; sourceTree = "<group>"; };
		EE7FA992246D8456003280B4 /* BodyTrackingData.swift */ = {isa = PBXFileReference; lastKnownFileType = sourcecode.swift; path = BodyTrackingData.swift; sourceTree = "<group>"; };
		EEC717F7247D6532001C30B5 /* FaceDetectionData.swift */ = {isa = PBXFileReference; fileEncoding = 4; lastKnownFileType = sourcecode.swift; path = FaceDetectionData.swift; sourceTree = "<group>"; };
		EEC717F9247EBF9E001C30B5 /* MochiGameInterface.swift */ = {isa = PBXFileReference; lastKnownFileType = sourcecode.swift; path = MochiGameInterface.swift; sourceTree = "<group>"; };
		EEC717FB247EBFDD001C30B5 /* ViewController.swift */ = {isa = PBXFileReference; lastKnownFileType = sourcecode.swift; path = ViewController.swift; sourceTree = "<group>"; };
		EEC717FD247EE5F3001C30B5 /* FaceTracking.sks */ = {isa = PBXFileReference; lastKnownFileType = file.sks; path = FaceTracking.sks; sourceTree = "<group>"; };
		EEC717FF247EEC30001C30B5 /* BodyTracking.sks */ = {isa = PBXFileReference; lastKnownFileType = file.sks; path = BodyTracking.sks; sourceTree = "<group>"; };
		EEC71801247FD8C5001C30B5 /* CVInterfaceOld.swift */ = {isa = PBXFileReference; fileEncoding = 4; lastKnownFileType = sourcecode.swift; path = CVInterfaceOld.swift; sourceTree = "<group>"; };
		EEF26A02245F36A400BBD98F /* DanceScene.sks */ = {isa = PBXFileReference; lastKnownFileType = file.sks; path = DanceScene.sks; sourceTree = "<group>"; };
		EEF26A04245F388300BBD98F /* particle.sks */ = {isa = PBXFileReference; lastKnownFileType = file.sks; path = particle.sks; sourceTree = "<group>"; };
		EEF26A06245F427F00BBD98F /* BLparticle.sks */ = {isa = PBXFileReference; lastKnownFileType = file.sks; path = BLparticle.sks; sourceTree = "<group>"; };
		EEF26A08245F42C800BBD98F /* BRparticles.sks */ = {isa = PBXFileReference; lastKnownFileType = file.sks; path = BRparticles.sks; sourceTree = "<group>"; };
/* End PBXFileReference section */

/* Begin PBXFrameworksBuildPhase section */
		EE0C8E8D24576DE0009FB07C /* Frameworks */ = {
			isa = PBXFrameworksBuildPhase;
			buildActionMask = 2147483647;
			files = (
				B1D39AAB62BC93DC259F1141 /* Pods_Mochi_Games.framework in Frameworks */,
			);
			runOnlyForDeploymentPostprocessing = 0;
		};
/* End PBXFrameworksBuildPhase section */

/* Begin PBXGroup section */
		38ABB377246BFB1D00A7FF37 /* ComputerVision */ = {
			isa = PBXGroup;
			children = (
				38ABB379246BFC2700A7FF37 /* CVInterface.swift */,
				EEC71801247FD8C5001C30B5 /* CVInterfaceOld.swift */,
				38ABB382246BFD3E00A7FF37 /* models */,
				38ABB37D246BFC5D00A7FF37 /* GestureRecognition */,
				38ABB3CF246C09FF00A7FF37 /* PoseEstimation */,
				38ABB3E2246C109B00A7FF37 /* SemanticSegmentation */,
				38ABB3DF246C0FB900A7FF37 /* FaceDetection */,
			);
			path = ComputerVision;
			sourceTree = "<group>";
		};
		38ABB37D246BFC5D00A7FF37 /* GestureRecognition */ = {
			isa = PBXGroup;
			children = (
				38ABB3B4246C04D200A7FF37 /* GestureRecognition.swift */,
				38ABB37E246BFD0400A7FF37 /* ModelDataHandler.swift */,
			);
			path = GestureRecognition;
			sourceTree = "<group>";
		};
		38ABB382246BFD3E00A7FF37 /* models */ = {
			isa = PBXGroup;
			children = (
				38ABB383246C012400A7FF37 /* PoseEstimation */,
				38ABB3AF246C026400A7FF37 /* GestureRecognition */,
				38ABB3AA246C01BB00A7FF37 /* SemanticSegmenation */,
			);
			path = models;
			sourceTree = "<group>";
		};
		38ABB383246C012400A7FF37 /* PoseEstimation */ = {
			isa = PBXGroup;
			children = (
				38ABB395246C019B00A7FF37 /* hourglass_model */,
				38ABB384246C014700A7FF37 /* cpm_model */,
			);
			path = PoseEstimation;
			sourceTree = "<group>";
		};
		38ABB384246C014700A7FF37 /* cpm_model */ = {
			isa = PBXGroup;
			children = (
				38ABB386246C014700A7FF37 /* cpm_model.mlmodel */,
				38ABB389246C014700A7FF37 /* model1.pb */,
				38ABB38C246C014700A7FF37 /* model1.tflite */,
			);
			path = cpm_model;
			sourceTree = "<group>";
		};
		38ABB395246C019B00A7FF37 /* hourglass_model */ = {
			isa = PBXGroup;
			children = (
				38ABB398246C019B00A7FF37 /* read_pbfiles.py */,
				38ABB39A246C019B00A7FF37 /* README.md */,
				38ABB39B246C019B00A7FF37 /* model.pb */,
				38ABB39D246C019B00A7FF37 /* stacked_hourglass.mlmodel */,
				38ABB39F246C019B00A7FF37 /* model2.tflite */,
			);
			path = hourglass_model;
			sourceTree = "<group>";
		};
		38ABB3AA246C01BB00A7FF37 /* SemanticSegmenation */ = {
			isa = PBXGroup;
			children = (
				38ABB3AB246C01E900A7FF37 /* deeplabv3_257_mv_gpu.tflite */,
				38ABB3AC246C01E900A7FF37 /* deeplabv3_labels.json */,
			);
			path = SemanticSegmenation;
			sourceTree = "<group>";
		};
		38ABB3AF246C026400A7FF37 /* GestureRecognition */ = {
			isa = PBXGroup;
			children = (
				38ABB3B1246C040200A7FF37 /* labels.txt */,
				38ABB3B0246C040200A7FF37 /* model.tflite */,
			);
			path = GestureRecognition;
			sourceTree = "<group>";
		};
		38ABB3CF246C09FF00A7FF37 /* PoseEstimation */ = {
			isa = PBXGroup;
			children = (
				38ABB3D0246C0A4A00A7FF37 /* Common */,
				38ABB3D7246C0A4A00A7FF37 /* PoseEstimation.swift */,
				EE7FA992246D8456003280B4 /* BodyTrackingData.swift */,
			);
			path = PoseEstimation;
			sourceTree = "<group>";
		};
		38ABB3D0246C0A4A00A7FF37 /* Common */ = {
			isa = PBXGroup;
			children = (
				38ABB3D1246C0A4A00A7FF37 /* PredictedPoint.swift */,
				38ABB3D2246C0A4A00A7FF37 /* MovingAverageFilter.swift */,
				38ABB3D3246C0A4A00A7FF37 /* HeatmapPostProcessor.swift */,
			);
			path = Common;
			sourceTree = "<group>";
		};
		38ABB3DF246C0FB900A7FF37 /* FaceDetection */ = {
			isa = PBXGroup;
			children = (
				38ABB3E0246C0FD100A7FF37 /* FaceAndFacialFeaturesDetection.swift */,
				EEC717F7247D6532001C30B5 /* FaceDetectionData.swift */,
			);
			path = FaceDetection;
			sourceTree = "<group>";
		};
		38ABB3E2246C109B00A7FF37 /* SemanticSegmentation */ = {
			isa = PBXGroup;
			children = (
				38ABB3E5246C10DA00A7FF37 /* ImageSegmentator.swift */,
				38ABB3E6246C10DA00A7FF37 /* SemanticSegmentation.swift */,
				38ABB3E4246C10D900A7FF37 /* TFLiteExtension.swift */,
				38ABB3E3246C10D900A7FF37 /* UIKitExtension.swift */,
			);
			path = SemanticSegmentation;
			sourceTree = "<group>";
		};
		82862718D1E075400B509F04 /* Frameworks */ = {
			isa = PBXGroup;
			children = (
				25B254572D6C5BFDA602E19B /* Pods_Mochi_Games.framework */,
			);
			name = Frameworks;
			sourceTree = "<group>";
		};
		905C6E9C098B9AAADB7E6C5A /* Pods */ = {
			isa = PBXGroup;
			children = (
				7570C4B3F1DE9807CFC5E667 /* Pods-Mochi Games.debug.xcconfig */,
				47A36E990A4E66B29FE04698 /* Pods-Mochi Games.release.xcconfig */,
			);
			path = Pods;
			sourceTree = "<group>";
		};
		EE0C8E8724576DE0009FB07C = {
			isa = PBXGroup;
			children = (
				EE0C8EB62457795E009FB07C /* Mixer.metal */,
				EE0C8EB72457795E009FB07C /* PassThrough.metal */,
				EE0C8EB92457795E009FB07C /* RosyEffect.metal */,
				EE0C8E9224576DE0009FB07C /* Mochi Games */,
				EE0C8E9124576DE0009FB07C /* Products */,
				905C6E9C098B9AAADB7E6C5A /* Pods */,
				82862718D1E075400B509F04 /* Frameworks */,
			);
			sourceTree = "<group>";
		};
		EE0C8E9124576DE0009FB07C /* Products */ = {
			isa = PBXGroup;
			children = (
				EE0C8E9024576DE0009FB07C /* Mochi Games.app */,
			);
			name = Products;
			sourceTree = "<group>";
		};
		EE0C8E9224576DE0009FB07C /* Mochi Games */ = {
			isa = PBXGroup;
			children = (
				38ABB377246BFB1D00A7FF37 /* ComputerVision */,
				EE0C8EAF24577809009FB07C /* Grimes_v3.mp4 */,
				EE97619C247C31CF00D82AD5 /* Games */,
				EE0C8E9324576DE0009FB07C /* AppDelegate.swift */,
				EE0C8EA724576F2A009FB07C /* GlobalVars.swift */,
				EE0C8EAB24577075009FB07C /* Camera.swift */,
				EE0C8EB5245778E9009FB07C /* MTL_Swift */,
				EE0C8EAD2457749F009FB07C /* MTLCameraView.swift */,
				EE0C8E9924576DE0009FB07C /* Main.storyboard */,
				EE0C8E9C24576DE3009FB07C /* Assets.xcassets */,
				EE0C8E9E24576DE3009FB07C /* LaunchScreen.storyboard */,
				EE0C8EA124576DE3009FB07C /* Info.plist */,
			);
			path = "Mochi Games";
			sourceTree = "<group>";
		};
		EE0C8EB5245778E9009FB07C /* MTL_Swift */ = {
			isa = PBXGroup;
			children = (
				EE0C8EB124577824009FB07C /* FilterRenderer.swift */,
				EE0C8EB224577824009FB07C /* RosyMetalRenderer.swift */,
			);
			name = MTL_Swift;
			sourceTree = "<group>";
		};
		EE97619C247C31CF00D82AD5 /* Games */ = {
			isa = PBXGroup;
			children = (
				EEC7180324801797001C30B5 /* SpriteKitScenes */,
				EE97619D247C31E700D82AD5 /* Particles */,
				EE0C8EC024577B40009FB07C /* gameScene.swift */,
				EE0C8E9724576DE0009FB07C /* GameViewController.swift */,
				EEC717FB247EBFDD001C30B5 /* ViewController.swift */,
				EEC717F9247EBF9E001C30B5 /* MochiGameInterface.swift */,
			);
			path = Games;
			sourceTree = "<group>";
		};
		EE97619D247C31E700D82AD5 /* Particles */ = {
			isa = PBXGroup;
			children = (
				EEF26A04245F388300BBD98F /* particle.sks */,
				EEF26A06245F427F00BBD98F /* BLparticle.sks */,
				EEF26A08245F42C800BBD98F /* BRparticles.sks */,
			);
			path = Particles;
			sourceTree = "<group>";
		};
		EEC7180324801797001C30B5 /* SpriteKitScenes */ = {
			isa = PBXGroup;
			children = (
				EEF26A02245F36A400BBD98F /* DanceScene.sks */,
				EEC71805248017AE001C30B5 /* Utilities */,
			);
			path = SpriteKitScenes;
			sourceTree = "<group>";
		};
		EEC71805248017AE001C30B5 /* Utilities */ = {
			isa = PBXGroup;
			children = (
				EEC717FD247EE5F3001C30B5 /* FaceTracking.sks */,
				EEC717FF247EEC30001C30B5 /* BodyTracking.sks */,
			);
			path = Utilities;
			sourceTree = "<group>";
		};
/* End PBXGroup section */

/* Begin PBXNativeTarget section */
		EE0C8E8F24576DE0009FB07C /* Mochi Games */ = {
			isa = PBXNativeTarget;
			buildConfigurationList = EE0C8EA424576DE3009FB07C /* Build configuration list for PBXNativeTarget "Mochi Games" */;
			buildPhases = (
				FBF61190369988A85971CD46 /* [CP] Check Pods Manifest.lock */,
				EE0C8E8C24576DE0009FB07C /* Sources */,
				EE0C8E8D24576DE0009FB07C /* Frameworks */,
				EE0C8E8E24576DE0009FB07C /* Resources */,
			);
			buildRules = (
			);
			dependencies = (
			);
			name = "Mochi Games";
			productName = "Mochi Games";
			productReference = EE0C8E9024576DE0009FB07C /* Mochi Games.app */;
			productType = "com.apple.product-type.application";
		};
/* End PBXNativeTarget section */

/* Begin PBXProject section */
		EE0C8E8824576DE0009FB07C /* Project object */ = {
			isa = PBXProject;
			attributes = {
				LastSwiftUpdateCheck = 1140;
				LastUpgradeCheck = 1140;
				ORGANIZATIONNAME = "Sam Weekes";
				TargetAttributes = {
					EE0C8E8F24576DE0009FB07C = {
						CreatedOnToolsVersion = 11.4.1;
					};
				};
			};
			buildConfigurationList = EE0C8E8B24576DE0009FB07C /* Build configuration list for PBXProject "Mochi Games" */;
			compatibilityVersion = "Xcode 9.3";
			developmentRegion = en;
			hasScannedForEncodings = 0;
			knownRegions = (
				en,
				Base,
			);
			mainGroup = EE0C8E8724576DE0009FB07C;
			productRefGroup = EE0C8E9124576DE0009FB07C /* Products */;
			projectDirPath = "";
			projectRoot = "";
			targets = (
				EE0C8E8F24576DE0009FB07C /* Mochi Games */,
			);
		};
/* End PBXProject section */

/* Begin PBXResourcesBuildPhase section */
		EE0C8E8E24576DE0009FB07C /* Resources */ = {
			isa = PBXResourcesBuildPhase;
			buildActionMask = 2147483647;
			files = (
				38ABB3B2246C040200A7FF37 /* model.tflite in Resources */,
				38ABB3B3246C040200A7FF37 /* labels.txt in Resources */,
				38ABB3C2246C06FC00A7FF37 /* read_pbfiles.py in Resources */,
				38ABB3B8246C05B900A7FF37 /* model1.tflite in Resources */,
				EEF26A07245F427F00BBD98F /* BLparticle.sks in Resources */,
				EEC717FE247EE5F3001C30B5 /* FaceTracking.sks in Resources */,
				38ABB3CB246C07C600A7FF37 /* model2.tflite in Resources */,
				EEC71800247EEC30001C30B5 /* BodyTracking.sks in Resources */,
				38ABB3AE246C01E900A7FF37 /* deeplabv3_labels.json in Resources */,
				38ABB3AD246C01E900A7FF37 /* deeplabv3_257_mv_gpu.tflite in Resources */,
				38ABB3CD246C07D800A7FF37 /* model1.pb in Resources */,
				38ABB3CC246C07CF00A7FF37 /* model.pb in Resources */,
				EEF26A09245F42C800BBD98F /* BRparticles.sks in Resources */,
				EE0C8EA024576DE3009FB07C /* LaunchScreen.storyboard in Resources */,
				EEF26A03245F36A400BBD98F /* DanceScene.sks in Resources */,
				38ABB3C3246C070000A7FF37 /* README.md in Resources */,
				EE0C8E9D24576DE3009FB07C /* Assets.xcassets in Resources */,
				EE0C8E9B24576DE0009FB07C /* Main.storyboard in Resources */,
				EE0C8EB024577809009FB07C /* Grimes_v3.mp4 in Resources */,
				EEF26A05245F388300BBD98F /* particle.sks in Resources */,
			);
			runOnlyForDeploymentPostprocessing = 0;
		};
/* End PBXResourcesBuildPhase section */

/* Begin PBXShellScriptBuildPhase section */
		FBF61190369988A85971CD46 /* [CP] Check Pods Manifest.lock */ = {
			isa = PBXShellScriptBuildPhase;
			buildActionMask = 2147483647;
			files = (
			);
			inputFileListPaths = (
			);
			inputPaths = (
				"${PODS_PODFILE_DIR_PATH}/Podfile.lock",
				"${PODS_ROOT}/Manifest.lock",
			);
			name = "[CP] Check Pods Manifest.lock";
			outputFileListPaths = (
			);
			outputPaths = (
				"$(DERIVED_FILE_DIR)/Pods-Mochi Games-checkManifestLockResult.txt",
			);
			runOnlyForDeploymentPostprocessing = 0;
			shellPath = /bin/sh;
			shellScript = "diff \"${PODS_PODFILE_DIR_PATH}/Podfile.lock\" \"${PODS_ROOT}/Manifest.lock\" > /dev/null\nif [ $? != 0 ] ; then\n    # print error to STDERR\n    echo \"error: The sandbox is not in sync with the Podfile.lock. Run 'pod install' or update your CocoaPods installation.\" >&2\n    exit 1\nfi\n# This output is used by Xcode 'outputs' to avoid re-running this script phase.\necho \"SUCCESS\" > \"${SCRIPT_OUTPUT_FILE_0}\"\n";
			showEnvVarsInLog = 0;
		};
/* End PBXShellScriptBuildPhase section */

/* Begin PBXSourcesBuildPhase section */
		EE0C8E8C24576DE0009FB07C /* Sources */ = {
			isa = PBXSourcesBuildPhase;
			buildActionMask = 2147483647;
			files = (
				38ABB3BB246C05C400A7FF37 /* cpm_model.mlmodel in Sources */,
				38ABB3C1246C05E600A7FF37 /* CVInterface.swift in Sources */,
				38ABB3E1246C0FD100A7FF37 /* FaceAndFacialFeaturesDetection.swift in Sources */,
				EE0C8EA824576F2A009FB07C /* GlobalVars.swift in Sources */,
				38ABB3DE246C0A4A00A7FF37 /* PoseEstimation.swift in Sources */,
				38ABB3E9246C10DA00A7FF37 /* ImageSegmentator.swift in Sources */,
				38ABB3CE246C093700A7FF37 /* GestureRecognition.swift in Sources */,
				38ABB3DA246C0A4A00A7FF37 /* HeatmapPostProcessor.swift in Sources */,
				38ABB3EA246C10DA00A7FF37 /* SemanticSegmentation.swift in Sources */,
				EE0C8EBB2457795E009FB07C /* PassThrough.metal in Sources */,
				EE0C8EBA2457795E009FB07C /* Mixer.metal in Sources */,
				EE0C8EB424577824009FB07C /* RosyMetalRenderer.swift in Sources */,
				38ABB3CA246C07AE00A7FF37 /* stacked_hourglass.mlmodel in Sources */,
				EE0C8EBD2457795E009FB07C /* RosyEffect.metal in Sources */,
				EE0C8EAC24577075009FB07C /* Camera.swift in Sources */,
				38ABB3C9246C077700A7FF37 /* ModelDataHandler.swift in Sources */,
				38ABB3D9246C0A4A00A7FF37 /* MovingAverageFilter.swift in Sources */,
				EE0C8EB324577824009FB07C /* FilterRenderer.swift in Sources */,
				EE0C8E9824576DE0009FB07C /* GameViewController.swift in Sources */,
				EE0C8EC124577B40009FB07C /* gameScene.swift in Sources */,
				EEC717FC247EBFDD001C30B5 /* ViewController.swift in Sources */,
				EE0C8EAE2457749F009FB07C /* MTLCameraView.swift in Sources */,
				EE0C8E9424576DE0009FB07C /* AppDelegate.swift in Sources */,
				38ABB3E7246C10DA00A7FF37 /* UIKitExtension.swift in Sources */,
				38ABB3D8246C0A4A00A7FF37 /* PredictedPoint.swift in Sources */,
				EE7FA993246D8456003280B4 /* BodyTrackingData.swift in Sources */,
				38ABB3E8246C10DA00A7FF37 /* TFLiteExtension.swift in Sources */,
				EEC717FA247EBF9E001C30B5 /* MochiGameInterface.swift in Sources */,
				EEC717F8247D6532001C30B5 /* FaceDetectionData.swift in Sources */,
			);
			runOnlyForDeploymentPostprocessing = 0;
		};
/* End PBXSourcesBuildPhase section */

/* Begin PBXVariantGroup section */
		EE0C8E9924576DE0009FB07C /* Main.storyboard */ = {
			isa = PBXVariantGroup;
			children = (
				EE0C8E9A24576DE0009FB07C /* Base */,
			);
			name = Main.storyboard;
			sourceTree = "<group>";
		};
		EE0C8E9E24576DE3009FB07C /* LaunchScreen.storyboard */ = {
			isa = PBXVariantGroup;
			children = (
				EE0C8E9F24576DE3009FB07C /* Base */,
			);
			name = LaunchScreen.storyboard;
			sourceTree = "<group>";
		};
/* End PBXVariantGroup section */

/* Begin XCBuildConfiguration section */
		EE0C8EA224576DE3009FB07C /* Debug */ = {
			isa = XCBuildConfiguration;
			buildSettings = {
				ALWAYS_SEARCH_USER_PATHS = NO;
				CLANG_ANALYZER_NONNULL = YES;
				CLANG_ANALYZER_NUMBER_OBJECT_CONVERSION = YES_AGGRESSIVE;
				CLANG_CXX_LANGUAGE_STANDARD = "gnu++14";
				CLANG_CXX_LIBRARY = "libc++";
				CLANG_ENABLE_MODULES = YES;
				CLANG_ENABLE_OBJC_ARC = YES;
				CLANG_ENABLE_OBJC_WEAK = YES;
				CLANG_WARN_BLOCK_CAPTURE_AUTORELEASING = YES;
				CLANG_WARN_BOOL_CONVERSION = YES;
				CLANG_WARN_COMMA = YES;
				CLANG_WARN_CONSTANT_CONVERSION = YES;
				CLANG_WARN_DEPRECATED_OBJC_IMPLEMENTATIONS = YES;
				CLANG_WARN_DIRECT_OBJC_ISA_USAGE = YES_ERROR;
				CLANG_WARN_DOCUMENTATION_COMMENTS = YES;
				CLANG_WARN_EMPTY_BODY = YES;
				CLANG_WARN_ENUM_CONVERSION = YES;
				CLANG_WARN_INFINITE_RECURSION = YES;
				CLANG_WARN_INT_CONVERSION = YES;
				CLANG_WARN_NON_LITERAL_NULL_CONVERSION = YES;
				CLANG_WARN_OBJC_IMPLICIT_RETAIN_SELF = YES;
				CLANG_WARN_OBJC_LITERAL_CONVERSION = YES;
				CLANG_WARN_OBJC_ROOT_CLASS = YES_ERROR;
				CLANG_WARN_RANGE_LOOP_ANALYSIS = YES;
				CLANG_WARN_STRICT_PROTOTYPES = YES;
				CLANG_WARN_SUSPICIOUS_MOVE = YES;
				CLANG_WARN_UNGUARDED_AVAILABILITY = YES_AGGRESSIVE;
				CLANG_WARN_UNREACHABLE_CODE = YES;
				CLANG_WARN__DUPLICATE_METHOD_MATCH = YES;
				COPY_PHASE_STRIP = NO;
				DEBUG_INFORMATION_FORMAT = dwarf;
				ENABLE_STRICT_OBJC_MSGSEND = YES;
				ENABLE_TESTABILITY = YES;
				GCC_C_LANGUAGE_STANDARD = gnu11;
				GCC_DYNAMIC_NO_PIC = NO;
				GCC_NO_COMMON_BLOCKS = YES;
				GCC_OPTIMIZATION_LEVEL = 0;
				GCC_PREPROCESSOR_DEFINITIONS = (
					"DEBUG=1",
					"$(inherited)",
				);
				GCC_WARN_64_TO_32_BIT_CONVERSION = YES;
				GCC_WARN_ABOUT_RETURN_TYPE = YES_ERROR;
				GCC_WARN_UNDECLARED_SELECTOR = YES;
				GCC_WARN_UNINITIALIZED_AUTOS = YES_AGGRESSIVE;
				GCC_WARN_UNUSED_FUNCTION = YES;
				GCC_WARN_UNUSED_VARIABLE = YES;
				IPHONEOS_DEPLOYMENT_TARGET = 13.4;
				MTL_ENABLE_DEBUG_INFO = INCLUDE_SOURCE;
				MTL_FAST_MATH = YES;
				ONLY_ACTIVE_ARCH = YES;
				SDKROOT = iphoneos;
				SWIFT_ACTIVE_COMPILATION_CONDITIONS = DEBUG;
				SWIFT_OPTIMIZATION_LEVEL = "-Onone";
			};
			name = Debug;
		};
		EE0C8EA324576DE3009FB07C /* Release */ = {
			isa = XCBuildConfiguration;
			buildSettings = {
				ALWAYS_SEARCH_USER_PATHS = NO;
				CLANG_ANALYZER_NONNULL = YES;
				CLANG_ANALYZER_NUMBER_OBJECT_CONVERSION = YES_AGGRESSIVE;
				CLANG_CXX_LANGUAGE_STANDARD = "gnu++14";
				CLANG_CXX_LIBRARY = "libc++";
				CLANG_ENABLE_MODULES = YES;
				CLANG_ENABLE_OBJC_ARC = YES;
				CLANG_ENABLE_OBJC_WEAK = YES;
				CLANG_WARN_BLOCK_CAPTURE_AUTORELEASING = YES;
				CLANG_WARN_BOOL_CONVERSION = YES;
				CLANG_WARN_COMMA = YES;
				CLANG_WARN_CONSTANT_CONVERSION = YES;
				CLANG_WARN_DEPRECATED_OBJC_IMPLEMENTATIONS = YES;
				CLANG_WARN_DIRECT_OBJC_ISA_USAGE = YES_ERROR;
				CLANG_WARN_DOCUMENTATION_COMMENTS = YES;
				CLANG_WARN_EMPTY_BODY = YES;
				CLANG_WARN_ENUM_CONVERSION = YES;
				CLANG_WARN_INFINITE_RECURSION = YES;
				CLANG_WARN_INT_CONVERSION = YES;
				CLANG_WARN_NON_LITERAL_NULL_CONVERSION = YES;
				CLANG_WARN_OBJC_IMPLICIT_RETAIN_SELF = YES;
				CLANG_WARN_OBJC_LITERAL_CONVERSION = YES;
				CLANG_WARN_OBJC_ROOT_CLASS = YES_ERROR;
				CLANG_WARN_RANGE_LOOP_ANALYSIS = YES;
				CLANG_WARN_STRICT_PROTOTYPES = YES;
				CLANG_WARN_SUSPICIOUS_MOVE = YES;
				CLANG_WARN_UNGUARDED_AVAILABILITY = YES_AGGRESSIVE;
				CLANG_WARN_UNREACHABLE_CODE = YES;
				CLANG_WARN__DUPLICATE_METHOD_MATCH = YES;
				COPY_PHASE_STRIP = NO;
				DEBUG_INFORMATION_FORMAT = "dwarf-with-dsym";
				ENABLE_NS_ASSERTIONS = NO;
				ENABLE_STRICT_OBJC_MSGSEND = YES;
				GCC_C_LANGUAGE_STANDARD = gnu11;
				GCC_NO_COMMON_BLOCKS = YES;
				GCC_WARN_64_TO_32_BIT_CONVERSION = YES;
				GCC_WARN_ABOUT_RETURN_TYPE = YES_ERROR;
				GCC_WARN_UNDECLARED_SELECTOR = YES;
				GCC_WARN_UNINITIALIZED_AUTOS = YES_AGGRESSIVE;
				GCC_WARN_UNUSED_FUNCTION = YES;
				GCC_WARN_UNUSED_VARIABLE = YES;
				IPHONEOS_DEPLOYMENT_TARGET = 13.4;
				MTL_ENABLE_DEBUG_INFO = NO;
				MTL_FAST_MATH = YES;
				SDKROOT = iphoneos;
				SWIFT_COMPILATION_MODE = wholemodule;
				SWIFT_OPTIMIZATION_LEVEL = "-O";
				VALIDATE_PRODUCT = YES;
			};
			name = Release;
		};
		EE0C8EA524576DE3009FB07C /* Debug */ = {
			isa = XCBuildConfiguration;
			baseConfigurationReference = 7570C4B3F1DE9807CFC5E667 /* Pods-Mochi Games.debug.xcconfig */;
			buildSettings = {
				ASSETCATALOG_COMPILER_APPICON_NAME = AppIcon;
				CODE_SIGN_STYLE = Automatic;
				DEVELOPMENT_TEAM = 85Q36XDG32;
				INFOPLIST_FILE = "Mochi Games/Info.plist";
				IPHONEOS_DEPLOYMENT_TARGET = 11.4;
				LD_RUNPATH_SEARCH_PATHS = (
					"$(inherited)",
					"@executable_path/Frameworks",
				);
				PRODUCT_BUNDLE_IDENTIFIER = "io.loveshark.mochi.test.games.Mochi-Games";
				PRODUCT_NAME = "$(TARGET_NAME)";
				SWIFT_VERSION = 5.0;
				TARGETED_DEVICE_FAMILY = "1,2";
			};
			name = Debug;
		};
		EE0C8EA624576DE3009FB07C /* Release */ = {
			isa = XCBuildConfiguration;
			baseConfigurationReference = 47A36E990A4E66B29FE04698 /* Pods-Mochi Games.release.xcconfig */;
			buildSettings = {
				ASSETCATALOG_COMPILER_APPICON_NAME = AppIcon;
				CODE_SIGN_STYLE = Automatic;
				DEVELOPMENT_TEAM = 85Q36XDG32;
				INFOPLIST_FILE = "Mochi Games/Info.plist";
				IPHONEOS_DEPLOYMENT_TARGET = 11.4;
				LD_RUNPATH_SEARCH_PATHS = (
					"$(inherited)",
					"@executable_path/Frameworks",
				);
				PRODUCT_BUNDLE_IDENTIFIER = "io.loveshark.mochi.test.games.Mochi-Games";
				PRODUCT_NAME = "$(TARGET_NAME)";
				SWIFT_VERSION = 5.0;
				TARGETED_DEVICE_FAMILY = "1,2";
			};
			name = Release;
		};
/* End XCBuildConfiguration section */

/* Begin XCConfigurationList section */
		EE0C8E8B24576DE0009FB07C /* Build configuration list for PBXProject "Mochi Games" */ = {
			isa = XCConfigurationList;
			buildConfigurations = (
				EE0C8EA224576DE3009FB07C /* Debug */,
				EE0C8EA324576DE3009FB07C /* Release */,
			);
			defaultConfigurationIsVisible = 0;
			defaultConfigurationName = Release;
		};
		EE0C8EA424576DE3009FB07C /* Build configuration list for PBXNativeTarget "Mochi Games" */ = {
			isa = XCConfigurationList;
			buildConfigurations = (
				EE0C8EA524576DE3009FB07C /* Debug */,
				EE0C8EA624576DE3009FB07C /* Release */,
			);
			defaultConfigurationIsVisible = 0;
			defaultConfigurationName = Release;
		};
/* End XCConfigurationList section */
	};
	rootObject = EE0C8E8824576DE0009FB07C /* Project object */;
}
